<?xml version="1.0" encoding="UTF-8"?>
<!DOCTYPE plist PUBLIC "-//Apple//DTD PLIST 1.0//EN" "http://www.apple.com/DTDs/PropertyList-1.0.dtd">
<plist version="1.0">
<dict>
	<key>archiveVersion</key>
	<string>1</string>
	<key>classes</key>
	<dict/>
	<key>objectVersion</key>
	<string>46</string>
	<key>objects</key>
	<dict>
		<key>3C19986FA13D4EBCA16247F2</key>
		<dict>
			<key>buildActionMask</key>
			<string>2147483647</string>
			<key>files</key>
			<array/>
			<key>inputPaths</key>
			<array/>
			<key>isa</key>
			<string>PBXShellScriptBuildPhase</string>
			<key>name</key>
			<string>Copy Pods Resources</string>
			<key>outputPaths</key>
			<array/>
			<key>runOnlyForDeploymentPostprocessing</key>
			<string>0</string>
			<key>shellPath</key>
			<string>/bin/sh</string>
			<key>shellScript</key>
			<string>"${SRCROOT}/Pods/Pods-resources.sh"
</string>
			<key>showEnvVarsInLog</key>
			<string>0</string>
		</dict>
		<key>41B0B8E531B34463AB94A14D</key>
		<dict>
			<key>explicitFileType</key>
			<string>archive.ar</string>
			<key>includeInIndex</key>
			<string>0</string>
			<key>isa</key>
			<string>PBXFileReference</string>
			<key>path</key>
			<string>libPods.a</string>
			<key>sourceTree</key>
			<string>BUILT_PRODUCTS_DIR</string>
		</dict>
		<key>90454C4F196EF5ED0036AB57</key>
		<dict>
			<key>fileEncoding</key>
			<string>4</string>
			<key>isa</key>
			<string>PBXFileReference</string>
			<key>lastKnownFileType</key>
			<string>sourcecode.c.h</string>
			<key>name</key>
			<string>SocialViewController.h</string>
			<key>path</key>
			<string>View Controllers/SocialViewController.h</string>
			<key>sourceTree</key>
			<string>&lt;group&gt;</string>
		</dict>
		<key>90454C50196EF5ED0036AB57</key>
		<dict>
			<key>fileEncoding</key>
			<string>4</string>
			<key>isa</key>
			<string>PBXFileReference</string>
			<key>lastKnownFileType</key>
			<string>sourcecode.c.objc</string>
			<key>name</key>
			<string>SocialViewController.m</string>
			<key>path</key>
			<string>View Controllers/SocialViewController.m</string>
			<key>sourceTree</key>
			<string>&lt;group&gt;</string>
		</dict>
		<key>90454C51196EF5ED0036AB57</key>
		<dict>
			<key>fileRef</key>
			<string>90454C4F196EF5ED0036AB57</string>
			<key>isa</key>
			<string>PBXBuildFile</string>
		</dict>
		<key>90454C52196EF5ED0036AB57</key>
		<dict>
			<key>fileRef</key>
			<string>90454C50196EF5ED0036AB57</string>
			<key>isa</key>
			<string>PBXBuildFile</string>
		</dict>
		<key>90454C53196EFDE20036AB57</key>
		<dict>
			<key>fileEncoding</key>
			<string>4</string>
			<key>isa</key>
			<string>PBXFileReference</string>
			<key>lastKnownFileType</key>
			<string>sourcecode.c.h</string>
			<key>name</key>
			<string>WebViewController.h</string>
			<key>path</key>
			<string>View Controllers/WebViewController.h</string>
			<key>sourceTree</key>
			<string>&lt;group&gt;</string>
		</dict>
		<key>90454C54196EFDE20036AB57</key>
		<dict>
			<key>fileEncoding</key>
			<string>4</string>
			<key>isa</key>
			<string>PBXFileReference</string>
			<key>lastKnownFileType</key>
			<string>sourcecode.c.objc</string>
			<key>name</key>
			<string>WebViewController.m</string>
			<key>path</key>
			<string>View Controllers/WebViewController.m</string>
			<key>sourceTree</key>
			<string>&lt;group&gt;</string>
		</dict>
		<key>90454C55196EFDE20036AB57</key>
		<dict>
			<key>fileRef</key>
			<string>90454C53196EFDE20036AB57</string>
			<key>isa</key>
			<string>PBXBuildFile</string>
		</dict>
		<key>90454C56196EFDE20036AB57</key>
		<dict>
			<key>fileRef</key>
			<string>90454C54196EFDE20036AB57</string>
			<key>isa</key>
			<string>PBXBuildFile</string>
		</dict>
		<key>90454C57196F08310036AB57</key>
		<dict>
			<key>fileEncoding</key>
			<string>4</string>
			<key>isa</key>
			<string>PBXFileReference</string>
			<key>lastKnownFileType</key>
			<string>sourcecode.c.h</string>
			<key>name</key>
			<string>EmailViewController.h</string>
			<key>path</key>
			<string>View Controllers/EmailViewController.h</string>
			<key>sourceTree</key>
			<string>&lt;group&gt;</string>
		</dict>
		<key>90454C58196F08310036AB57</key>
		<dict>
			<key>fileEncoding</key>
			<string>4</string>
			<key>isa</key>
			<string>PBXFileReference</string>
			<key>lastKnownFileType</key>
			<string>sourcecode.c.objc</string>
			<key>name</key>
			<string>EmailViewController.m</string>
			<key>path</key>
			<string>View Controllers/EmailViewController.m</string>
			<key>sourceTree</key>
			<string>&lt;group&gt;</string>
		</dict>
		<key>90454C59196F08310036AB57</key>
		<dict>
			<key>fileRef</key>
			<string>90454C57196F08310036AB57</string>
			<key>isa</key>
			<string>PBXBuildFile</string>
		</dict>
		<key>90454C5A196F08310036AB57</key>
		<dict>
			<key>fileRef</key>
			<string>90454C58196F08310036AB57</string>
			<key>isa</key>
			<string>PBXBuildFile</string>
		</dict>
		<key>908831CE196E3A3D00760B3F</key>
		<dict>
			<key>fileEncoding</key>
			<string>4</string>
			<key>isa</key>
			<string>PBXFileReference</string>
			<key>lastKnownFileType</key>
			<string>sourcecode.c.h</string>
			<key>name</key>
			<string>SocialInfo.h</string>
			<key>path</key>
			<string>Models/SocialInfo.h</string>
			<key>sourceTree</key>
			<string>&lt;group&gt;</string>
		</dict>
		<key>908831CF196E3A3D00760B3F</key>
		<dict>
			<key>fileEncoding</key>
			<string>4</string>
			<key>isa</key>
			<string>PBXFileReference</string>
			<key>lastKnownFileType</key>
			<string>sourcecode.c.objc</string>
			<key>name</key>
			<string>SocialInfo.m</string>
			<key>path</key>
			<string>Models/SocialInfo.m</string>
			<key>sourceTree</key>
			<string>&lt;group&gt;</string>
		</dict>
		<key>908831D0196E3A3D00760B3F</key>
		<dict>
			<key>fileRef</key>
			<string>908831CF196E3A3D00760B3F</string>
			<key>isa</key>
			<string>PBXBuildFile</string>
		</dict>
		<key>908831D1196E3B3800760B3F</key>
		<dict>
			<key>fileRef</key>
			<string>908831CF196E3A3D00760B3F</string>
			<key>isa</key>
			<string>PBXBuildFile</string>
		</dict>
		<key>908831D2196E6FEF00760B3F</key>
		<dict>
			<key>buildActionMask</key>
			<string>2147483647</string>
			<key>files</key>
			<array>
				<string>90454C51196EF5ED0036AB57</string>
				<string>90454C55196EFDE20036AB57</string>
				<string>90454C59196F08310036AB57</string>
				<string>908831D3196E700100760B3F</string>
			</array>
			<key>isa</key>
			<string>PBXHeadersBuildPhase</string>
			<key>runOnlyForDeploymentPostprocessing</key>
			<string>0</string>
		</dict>
		<key>908831D3196E700100760B3F</key>
		<dict>
			<key>fileRef</key>
			<string>90E542581963D97900465B64</string>
			<key>isa</key>
			<string>PBXBuildFile</string>
		</dict>
		<key>90E542371963D97900465B64</key>
		<dict>
			<key>children</key>
			<array>
				<string>90E542491963D97900465B64</string>
				<string>90E542681963D97900465B64</string>
				<string>90E542421963D97900465B64</string>
				<string>90E542411963D97900465B64</string>
				<string>A153463A88C34294B32E94F4</string>
			</array>
			<key>isa</key>
			<string>PBXGroup</string>
			<key>sourceTree</key>
			<string>&lt;group&gt;</string>
		</dict>
		<key>90E542381963D97900465B64</key>
		<dict>
			<key>attributes</key>
			<dict>
				<key>LastUpgradeCheck</key>
				<string>0510</string>
				<key>ORGANIZATIONNAME</key>
				<string>projects</string>
				<key>TargetAttributes</key>
				<dict>
					<key>90E542601963D97900465B64</key>
					<dict>
						<key>TestTargetID</key>
						<string>90E5423F1963D97900465B64</string>
					</dict>
				</dict>
			</dict>
			<key>buildConfigurationList</key>
			<string>90E5423B1963D97900465B64</string>
			<key>compatibilityVersion</key>
			<string>Xcode 3.2</string>
			<key>developmentRegion</key>
			<string>English</string>
			<key>hasScannedForEncodings</key>
			<string>0</string>
			<key>isa</key>
			<string>PBXProject</string>
			<key>knownRegions</key>
			<array>
				<string>en</string>
				<string>Base</string>
			</array>
			<key>mainGroup</key>
			<string>90E542371963D97900465B64</string>
			<key>productRefGroup</key>
			<string>90E542411963D97900465B64</string>
			<key>projectDirPath</key>
			<string></string>
			<key>projectReferences</key>
			<array/>
			<key>projectRoot</key>
			<string></string>
			<key>targets</key>
			<array>
				<string>90E5423F1963D97900465B64</string>
				<string>90E542601963D97900465B64</string>
			</array>
		</dict>
		<key>90E5423B1963D97900465B64</key>
		<dict>
			<key>buildConfigurations</key>
			<array>
				<string>90E542701963D97900465B64</string>
				<string>90E542711963D97900465B64</string>
			</array>
			<key>defaultConfigurationIsVisible</key>
			<string>0</string>
			<key>defaultConfigurationName</key>
			<string>Release</string>
			<key>isa</key>
			<string>XCConfigurationList</string>
		</dict>
		<key>90E5423C1963D97900465B64</key>
		<dict>
			<key>buildActionMask</key>
			<string>2147483647</string>
			<key>files</key>
			<array>
				<string>90454C5A196F08310036AB57</string>
				<string>90E5427B1963E64700465B64</string>
				<string>90454C56196EFDE20036AB57</string>
				<string>90E542541963D97900465B64</string>
				<string>90454C52196EF5ED0036AB57</string>
				<string>908831D0196E3A3D00760B3F</string>
				<string>90E542501963D97900465B64</string>
			</array>
			<key>isa</key>
			<string>PBXSourcesBuildPhase</string>
			<key>runOnlyForDeploymentPostprocessing</key>
			<string>0</string>
		</dict>
		<key>90E5423D1963D97900465B64</key>
		<dict>
			<key>buildActionMask</key>
			<string>2147483647</string>
			<key>files</key>
			<array>
				<string>90E542461963D97900465B64</string>
				<string>90E542481963D97900465B64</string>
				<string>90E542441963D97900465B64</string>
				<string>F3B09FA6F736491BBF2A60E9</string>
			</array>
			<key>isa</key>
			<string>PBXFrameworksBuildPhase</string>
			<key>runOnlyForDeploymentPostprocessing</key>
			<string>0</string>
		</dict>
		<key>90E5423E1963D97900465B64</key>
		<dict>
			<key>buildActionMask</key>
			<string>2147483647</string>
			<key>files</key>
			<array>
				<string>90E5425C1963D97900465B64</string>
				<string>90E5424E1963D97900465B64</string>
				<string>90E542571963D97900465B64</string>
			</array>
			<key>isa</key>
			<string>PBXResourcesBuildPhase</string>
			<key>runOnlyForDeploymentPostprocessing</key>
			<string>0</string>
		</dict>
		<key>90E5423F1963D97900465B64</key>
		<dict>
			<key>buildConfigurationList</key>
			<string>90E542721963D97900465B64</string>
			<key>buildPhases</key>
			<array>
				<string>DEFF22D8AF6F4D7BA8195F9C</string>
				<string>90E5423C1963D97900465B64</string>
				<string>90E5423D1963D97900465B64</string>
				<string>90E5423E1963D97900465B64</string>
				<string>908831D2196E6FEF00760B3F</string>
				<string>3C19986FA13D4EBCA16247F2</string>
			</array>
			<key>buildRules</key>
			<array/>
			<key>dependencies</key>
			<array/>
			<key>isa</key>
			<string>PBXNativeTarget</string>
			<key>name</key>
			<string>Resume-tutorial</string>
			<key>productName</key>
			<string>Resume-tutorial</string>
			<key>productReference</key>
			<string>90E542401963D97900465B64</string>
			<key>productType</key>
			<string>com.apple.product-type.application</string>
		</dict>
		<key>90E542401963D97900465B64</key>
		<dict>
			<key>explicitFileType</key>
			<string>wrapper.application</string>
			<key>includeInIndex</key>
			<string>0</string>
			<key>isa</key>
			<string>PBXFileReference</string>
			<key>path</key>
			<string>Resume-tutorial.app</string>
			<key>sourceTree</key>
			<string>BUILT_PRODUCTS_DIR</string>
		</dict>
		<key>90E542411963D97900465B64</key>
		<dict>
			<key>children</key>
			<array>
				<string>90E542401963D97900465B64</string>
				<string>90E542611963D97900465B64</string>
			</array>
			<key>isa</key>
			<string>PBXGroup</string>
			<key>name</key>
			<string>Products</string>
			<key>sourceTree</key>
			<string>&lt;group&gt;</string>
		</dict>
		<key>90E542421963D97900465B64</key>
		<dict>
			<key>children</key>
			<array>
				<string>90E542431963D97900465B64</string>
				<string>90E542451963D97900465B64</string>
				<string>90E542471963D97900465B64</string>
				<string>90E542621963D97900465B64</string>
				<string>41B0B8E531B34463AB94A14D</string>
			</array>
			<key>isa</key>
			<string>PBXGroup</string>
			<key>name</key>
			<string>Frameworks</string>
			<key>sourceTree</key>
			<string>&lt;group&gt;</string>
		</dict>
		<key>90E542431963D97900465B64</key>
		<dict>
			<key>isa</key>
			<string>PBXFileReference</string>
			<key>lastKnownFileType</key>
			<string>wrapper.framework</string>
			<key>name</key>
			<string>Foundation.framework</string>
			<key>path</key>
			<string>System/Library/Frameworks/Foundation.framework</string>
			<key>sourceTree</key>
			<string>SDKROOT</string>
		</dict>
		<key>90E542441963D97900465B64</key>
		<dict>
			<key>fileRef</key>
			<string>90E542431963D97900465B64</string>
			<key>isa</key>
			<string>PBXBuildFile</string>
		</dict>
		<key>90E542451963D97900465B64</key>
		<dict>
			<key>isa</key>
			<string>PBXFileReference</string>
			<key>lastKnownFileType</key>
			<string>wrapper.framework</string>
			<key>name</key>
			<string>CoreGraphics.framework</string>
			<key>path</key>
			<string>System/Library/Frameworks/CoreGraphics.framework</string>
			<key>sourceTree</key>
			<string>SDKROOT</string>
		</dict>
		<key>90E542461963D97900465B64</key>
		<dict>
			<key>fileRef</key>
			<string>90E542451963D97900465B64</string>
			<key>isa</key>
			<string>PBXBuildFile</string>
		</dict>
		<key>90E542471963D97900465B64</key>
		<dict>
			<key>isa</key>
			<string>PBXFileReference</string>
			<key>lastKnownFileType</key>
			<string>wrapper.framework</string>
			<key>name</key>
			<string>UIKit.framework</string>
			<key>path</key>
			<string>System/Library/Frameworks/UIKit.framework</string>
			<key>sourceTree</key>
			<string>SDKROOT</string>
		</dict>
		<key>90E542481963D97900465B64</key>
		<dict>
			<key>fileRef</key>
			<string>90E542471963D97900465B64</string>
			<key>isa</key>
			<string>PBXBuildFile</string>
		</dict>
		<key>90E542491963D97900465B64</key>
		<dict>
			<key>children</key>
			<array>
				<string>90E5427A1963E4B400465B64</string>
				<string>90E542791963E4AD00465B64</string>
				<string>90E542521963D97900465B64</string>
				<string>90E542531963D97900465B64</string>
				<string>90E542551963D97900465B64</string>
				<string>90E542781963E4A500465B64</string>
				<string>90E5425B1963D97900465B64</string>
				<string>90E5424A1963D97900465B64</string>
			</array>
			<key>isa</key>
			<string>PBXGroup</string>
			<key>path</key>
			<string>Resume-tutorial</string>
			<key>sourceTree</key>
			<string>&lt;group&gt;</string>
		</dict>
		<key>90E5424A1963D97900465B64</key>
		<dict>
			<key>children</key>
			<array>
				<string>90E5424B1963D97900465B64</string>
				<string>90E5424C1963D97900465B64</string>
				<string>90E5424F1963D97900465B64</string>
				<string>90E542511963D97900465B64</string>
			</array>
			<key>isa</key>
			<string>PBXGroup</string>
			<key>name</key>
			<string>Supporting Files</string>
			<key>sourceTree</key>
			<string>&lt;group&gt;</string>
		</dict>
		<key>90E5424B1963D97900465B64</key>
		<dict>
			<key>isa</key>
			<string>PBXFileReference</string>
			<key>lastKnownFileType</key>
			<string>text.plist.xml</string>
			<key>path</key>
			<string>Resume-tutorial-Info.plist</string>
			<key>sourceTree</key>
			<string>&lt;group&gt;</string>
		</dict>
		<key>90E5424C1963D97900465B64</key>
		<dict>
			<key>children</key>
			<array>
				<string>90E5424D1963D97900465B64</string>
			</array>
			<key>isa</key>
			<string>PBXVariantGroup</string>
			<key>name</key>
			<string>InfoPlist.strings</string>
			<key>sourceTree</key>
			<string>&lt;group&gt;</string>
		</dict>
		<key>90E5424D1963D97900465B64</key>
		<dict>
			<key>isa</key>
			<string>PBXFileReference</string>
			<key>lastKnownFileType</key>
			<string>text.plist.strings</string>
			<key>name</key>
			<string>en</string>
			<key>path</key>
			<string>en.lproj/InfoPlist.strings</string>
			<key>sourceTree</key>
			<string>&lt;group&gt;</string>
		</dict>
		<key>90E5424E1963D97900465B64</key>
		<dict>
			<key>fileRef</key>
			<string>90E5424C1963D97900465B64</string>
			<key>isa</key>
			<string>PBXBuildFile</string>
		</dict>
		<key>90E5424F1963D97900465B64</key>
		<dict>
			<key>isa</key>
			<string>PBXFileReference</string>
			<key>lastKnownFileType</key>
			<string>sourcecode.c.objc</string>
			<key>path</key>
			<string>main.m</string>
			<key>sourceTree</key>
			<string>&lt;group&gt;</string>
		</dict>
		<key>90E542501963D97900465B64</key>
		<dict>
			<key>fileRef</key>
			<string>90E5424F1963D97900465B64</string>
			<key>isa</key>
			<string>PBXBuildFile</string>
		</dict>
		<key>90E542511963D97900465B64</key>
		<dict>
			<key>isa</key>
			<string>PBXFileReference</string>
			<key>lastKnownFileType</key>
			<string>sourcecode.c.h</string>
			<key>path</key>
			<string>Resume-tutorial-Prefix.pch</string>
			<key>sourceTree</key>
			<string>&lt;group&gt;</string>
		</dict>
		<key>90E542521963D97900465B64</key>
		<dict>
			<key>isa</key>
			<string>PBXFileReference</string>
			<key>lastKnownFileType</key>
			<string>sourcecode.c.h</string>
			<key>path</key>
			<string>AppDelegate.h</string>
			<key>sourceTree</key>
			<string>&lt;group&gt;</string>
		</dict>
		<key>90E542531963D97900465B64</key>
		<dict>
			<key>isa</key>
			<string>PBXFileReference</string>
			<key>lastKnownFileType</key>
			<string>sourcecode.c.objc</string>
			<key>path</key>
			<string>AppDelegate.m</string>
			<key>sourceTree</key>
			<string>&lt;group&gt;</string>
		</dict>
		<key>90E542541963D97900465B64</key>
		<dict>
			<key>fileRef</key>
			<string>90E542531963D97900465B64</string>
			<key>isa</key>
			<string>PBXBuildFile</string>
		</dict>
		<key>90E542551963D97900465B64</key>
		<dict>
			<key>children</key>
			<array>
				<string>90E542561963D97900465B64</string>
			</array>
			<key>isa</key>
			<string>PBXVariantGroup</string>
			<key>name</key>
			<string>Main.storyboard</string>
			<key>sourceTree</key>
			<string>&lt;group&gt;</string>
		</dict>
		<key>90E542561963D97900465B64</key>
		<dict>
			<key>isa</key>
			<string>PBXFileReference</string>
			<key>lastKnownFileType</key>
			<string>file.storyboard</string>
			<key>name</key>
			<string>Base</string>
			<key>path</key>
			<string>Base.lproj/Main.storyboard</string>
			<key>sourceTree</key>
			<string>&lt;group&gt;</string>
		</dict>
		<key>90E542571963D97900465B64</key>
		<dict>
			<key>fileRef</key>
			<string>90E542551963D97900465B64</string>
			<key>isa</key>
			<string>PBXBuildFile</string>
		</dict>
		<key>90E542581963D97900465B64</key>
		<dict>
			<key>isa</key>
			<string>PBXFileReference</string>
			<key>lastKnownFileType</key>
			<string>sourcecode.c.h</string>
			<key>name</key>
			<string>ProfileViewController.h</string>
			<key>path</key>
			<string>View Controllers/ProfileViewController.h</string>
			<key>sourceTree</key>
			<string>&lt;group&gt;</string>
		</dict>
		<key>90E542591963D97900465B64</key>
		<dict>
			<key>isa</key>
			<string>PBXFileReference</string>
			<key>lastKnownFileType</key>
			<string>sourcecode.c.objc</string>
			<key>name</key>
			<string>ProfileViewController.m</string>
			<key>path</key>
			<string>View Controllers/ProfileViewController.m</string>
			<key>sourceTree</key>
			<string>&lt;group&gt;</string>
		</dict>
		<key>90E5425B1963D97900465B64</key>
		<dict>
			<key>isa</key>
			<string>PBXFileReference</string>
			<key>lastKnownFileType</key>
			<string>folder.assetcatalog</string>
			<key>path</key>
			<string>Images.xcassets</string>
			<key>sourceTree</key>
			<string>&lt;group&gt;</string>
		</dict>
		<key>90E5425C1963D97900465B64</key>
		<dict>
			<key>fileRef</key>
			<string>90E5425B1963D97900465B64</string>
			<key>isa</key>
			<string>PBXBuildFile</string>
		</dict>
		<key>90E5425D1963D97900465B64</key>
		<dict>
			<key>buildActionMask</key>
			<string>2147483647</string>
			<key>files</key>
			<array>
				<string>908831D1196E3B3800760B3F</string>
				<string>90E5426F1963D97900465B64</string>
			</array>
			<key>isa</key>
			<string>PBXSourcesBuildPhase</string>
			<key>runOnlyForDeploymentPostprocessing</key>
			<string>0</string>
		</dict>
		<key>90E5425E1963D97900465B64</key>
		<dict>
			<key>buildActionMask</key>
			<string>2147483647</string>
			<key>files</key>
			<array>
				<string>90E542631963D97900465B64</string>
				<string>90E542651963D97900465B64</string>
				<string>90E542641963D97900465B64</string>
			</array>
			<key>isa</key>
			<string>PBXFrameworksBuildPhase</string>
			<key>runOnlyForDeploymentPostprocessing</key>
			<string>0</string>
		</dict>
		<key>90E5425F1963D97900465B64</key>
		<dict>
			<key>buildActionMask</key>
			<string>2147483647</string>
			<key>files</key>
			<array>
				<string>90E5426D1963D97900465B64</string>
			</array>
			<key>isa</key>
			<string>PBXResourcesBuildPhase</string>
			<key>runOnlyForDeploymentPostprocessing</key>
			<string>0</string>
		</dict>
		<key>90E542601963D97900465B64</key>
		<dict>
			<key>buildConfigurationList</key>
			<string>90E542751963D97900465B64</string>
			<key>buildPhases</key>
			<array>
				<string>90E5425D1963D97900465B64</string>
				<string>90E5425E1963D97900465B64</string>
				<string>90E5425F1963D97900465B64</string>
			</array>
			<key>buildRules</key>
			<array/>
			<key>dependencies</key>
			<array>
				<string>90E542671963D97900465B64</string>
			</array>
			<key>isa</key>
			<string>PBXNativeTarget</string>
			<key>name</key>
			<string>Resume-tutorialTests</string>
			<key>productName</key>
			<string>Resume-tutorialTests</string>
			<key>productReference</key>
			<string>90E542611963D97900465B64</string>
			<key>productType</key>
			<string>com.apple.product-type.bundle.unit-test</string>
		</dict>
		<key>90E542611963D97900465B64</key>
		<dict>
			<key>explicitFileType</key>
			<string>wrapper.cfbundle</string>
			<key>includeInIndex</key>
			<string>0</string>
			<key>isa</key>
			<string>PBXFileReference</string>
			<key>path</key>
			<string>Resume-tutorialTests.xctest</string>
			<key>sourceTree</key>
			<string>BUILT_PRODUCTS_DIR</string>
		</dict>
		<key>90E542621963D97900465B64</key>
		<dict>
			<key>isa</key>
			<string>PBXFileReference</string>
			<key>lastKnownFileType</key>
			<string>wrapper.framework</string>
			<key>name</key>
			<string>XCTest.framework</string>
			<key>path</key>
			<string>Library/Frameworks/XCTest.framework</string>
			<key>sourceTree</key>
			<string>DEVELOPER_DIR</string>
		</dict>
		<key>90E542631963D97900465B64</key>
		<dict>
			<key>fileRef</key>
			<string>90E542621963D97900465B64</string>
			<key>isa</key>
			<string>PBXBuildFile</string>
		</dict>
		<key>90E542641963D97900465B64</key>
		<dict>
			<key>fileRef</key>
			<string>90E542431963D97900465B64</string>
			<key>isa</key>
			<string>PBXBuildFile</string>
		</dict>
		<key>90E542651963D97900465B64</key>
		<dict>
			<key>fileRef</key>
			<string>90E542471963D97900465B64</string>
			<key>isa</key>
			<string>PBXBuildFile</string>
		</dict>
		<key>90E542661963D97900465B64</key>
		<dict>
			<key>containerPortal</key>
			<string>90E542381963D97900465B64</string>
			<key>isa</key>
			<string>PBXContainerItemProxy</string>
			<key>proxyType</key>
			<string>1</string>
			<key>remoteGlobalIDString</key>
			<string>90E5423F1963D97900465B64</string>
			<key>remoteInfo</key>
			<string>Resume-tutorial</string>
		</dict>
		<key>90E542671963D97900465B64</key>
		<dict>
			<key>isa</key>
			<string>PBXTargetDependency</string>
			<key>target</key>
			<string>90E5423F1963D97900465B64</string>
			<key>targetProxy</key>
			<string>90E542661963D97900465B64</string>
		</dict>
		<key>90E542681963D97900465B64</key>
		<dict>
			<key>children</key>
			<array>
				<string>90E5426E1963D97900465B64</string>
				<string>90E542691963D97900465B64</string>
			</array>
			<key>isa</key>
			<string>PBXGroup</string>
			<key>path</key>
			<string>Resume-tutorialTests</string>
			<key>sourceTree</key>
			<string>&lt;group&gt;</string>
		</dict>
		<key>90E542691963D97900465B64</key>
		<dict>
			<key>children</key>
			<array>
				<string>90E5426A1963D97900465B64</string>
				<string>90E5426B1963D97900465B64</string>
			</array>
			<key>isa</key>
			<string>PBXGroup</string>
			<key>name</key>
			<string>Supporting Files</string>
			<key>sourceTree</key>
			<string>&lt;group&gt;</string>
		</dict>
		<key>90E5426A1963D97900465B64</key>
		<dict>
			<key>isa</key>
			<string>PBXFileReference</string>
			<key>lastKnownFileType</key>
			<string>text.plist.xml</string>
			<key>path</key>
			<string>Resume-tutorialTests-Info.plist</string>
			<key>sourceTree</key>
			<string>&lt;group&gt;</string>
		</dict>
		<key>90E5426B1963D97900465B64</key>
		<dict>
			<key>children</key>
			<array>
				<string>90E5426C1963D97900465B64</string>
			</array>
			<key>isa</key>
			<string>PBXVariantGroup</string>
			<key>name</key>
			<string>InfoPlist.strings</string>
			<key>sourceTree</key>
			<string>&lt;group&gt;</string>
		</dict>
		<key>90E5426C1963D97900465B64</key>
		<dict>
			<key>isa</key>
			<string>PBXFileReference</string>
			<key>lastKnownFileType</key>
			<string>text.plist.strings</string>
			<key>name</key>
			<string>en</string>
			<key>path</key>
			<string>en.lproj/InfoPlist.strings</string>
			<key>sourceTree</key>
			<string>&lt;group&gt;</string>
		</dict>
		<key>90E5426D1963D97900465B64</key>
		<dict>
			<key>fileRef</key>
			<string>90E5426B1963D97900465B64</string>
			<key>isa</key>
			<string>PBXBuildFile</string>
		</dict>
		<key>90E5426E1963D97900465B64</key>
		<dict>
			<key>isa</key>
			<string>PBXFileReference</string>
			<key>lastKnownFileType</key>
			<string>sourcecode.c.objc</string>
			<key>path</key>
			<string>Resume_tutorialTests.m</string>
			<key>sourceTree</key>
			<string>&lt;group&gt;</string>
		</dict>
		<key>90E5426F1963D97900465B64</key>
		<dict>
			<key>fileRef</key>
			<string>90E5426E1963D97900465B64</string>
			<key>isa</key>
			<string>PBXBuildFile</string>
		</dict>
		<key>90E542701963D97900465B64</key>
		<dict>
			<key>buildSettings</key>
			<dict>
				<key>ALWAYS_SEARCH_USER_PATHS</key>
				<string>NO</string>
				<key>CLANG_CXX_LANGUAGE_STANDARD</key>
				<string>gnu++0x</string>
				<key>CLANG_CXX_LIBRARY</key>
				<string>libc++</string>
				<key>CLANG_ENABLE_MODULES</key>
				<string>YES</string>
				<key>CLANG_ENABLE_OBJC_ARC</key>
				<string>YES</string>
				<key>CLANG_WARN_BOOL_CONVERSION</key>
				<string>YES</string>
				<key>CLANG_WARN_CONSTANT_CONVERSION</key>
				<string>YES</string>
				<key>CLANG_WARN_DIRECT_OBJC_ISA_USAGE</key>
				<string>YES_ERROR</string>
				<key>CLANG_WARN_EMPTY_BODY</key>
				<string>YES</string>
				<key>CLANG_WARN_ENUM_CONVERSION</key>
				<string>YES</string>
				<key>CLANG_WARN_INT_CONVERSION</key>
				<string>YES</string>
				<key>CLANG_WARN_OBJC_ROOT_CLASS</key>
				<string>YES_ERROR</string>
				<key>CLANG_WARN__DUPLICATE_METHOD_MATCH</key>
				<string>YES</string>
				<key>CODE_SIGN_IDENTITY[sdk=iphoneos*]</key>
				<string>iPhone Developer</string>
				<key>COPY_PHASE_STRIP</key>
				<string>NO</string>
				<key>GCC_C_LANGUAGE_STANDARD</key>
				<string>gnu99</string>
				<key>GCC_DYNAMIC_NO_PIC</key>
				<string>NO</string>
				<key>GCC_OPTIMIZATION_LEVEL</key>
				<string>0</string>
				<key>GCC_PREPROCESSOR_DEFINITIONS</key>
				<array>
					<string>DEBUG=1</string>
					<string>$(inherited)</string>
				</array>
				<key>GCC_SYMBOLS_PRIVATE_EXTERN</key>
				<string>NO</string>
				<key>GCC_WARN_64_TO_32_BIT_CONVERSION</key>
				<string>YES</string>
				<key>GCC_WARN_ABOUT_RETURN_TYPE</key>
				<string>YES_ERROR</string>
				<key>GCC_WARN_UNDECLARED_SELECTOR</key>
				<string>YES</string>
				<key>GCC_WARN_UNINITIALIZED_AUTOS</key>
				<string>YES_AGGRESSIVE</string>
				<key>GCC_WARN_UNUSED_FUNCTION</key>
				<string>YES</string>
				<key>GCC_WARN_UNUSED_VARIABLE</key>
				<string>YES</string>
				<key>IPHONEOS_DEPLOYMENT_TARGET</key>
				<string>7.1</string>
				<key>ONLY_ACTIVE_ARCH</key>
				<string>YES</string>
				<key>SDKROOT</key>
				<string>iphoneos</string>
			</dict>
			<key>isa</key>
			<string>XCBuildConfiguration</string>
			<key>name</key>
			<string>Debug</string>
		</dict>
		<key>90E542711963D97900465B64</key>
		<dict>
			<key>buildSettings</key>
			<dict>
				<key>ALWAYS_SEARCH_USER_PATHS</key>
				<string>NO</string>
				<key>CLANG_CXX_LANGUAGE_STANDARD</key>
				<string>gnu++0x</string>
				<key>CLANG_CXX_LIBRARY</key>
				<string>libc++</string>
				<key>CLANG_ENABLE_MODULES</key>
				<string>YES</string>
				<key>CLANG_ENABLE_OBJC_ARC</key>
				<string>YES</string>
				<key>CLANG_WARN_BOOL_CONVERSION</key>
				<string>YES</string>
				<key>CLANG_WARN_CONSTANT_CONVERSION</key>
				<string>YES</string>
				<key>CLANG_WARN_DIRECT_OBJC_ISA_USAGE</key>
				<string>YES_ERROR</string>
				<key>CLANG_WARN_EMPTY_BODY</key>
				<string>YES</string>
				<key>CLANG_WARN_ENUM_CONVERSION</key>
				<string>YES</string>
				<key>CLANG_WARN_INT_CONVERSION</key>
				<string>YES</string>
				<key>CLANG_WARN_OBJC_ROOT_CLASS</key>
				<string>YES_ERROR</string>
				<key>CLANG_WARN__DUPLICATE_METHOD_MATCH</key>
				<string>YES</string>
				<key>CODE_SIGN_IDENTITY[sdk=iphoneos*]</key>
				<string>iPhone Developer</string>
				<key>COPY_PHASE_STRIP</key>
				<string>YES</string>
				<key>ENABLE_NS_ASSERTIONS</key>
				<string>NO</string>
				<key>GCC_C_LANGUAGE_STANDARD</key>
				<string>gnu99</string>
				<key>GCC_WARN_64_TO_32_BIT_CONVERSION</key>
				<string>YES</string>
				<key>GCC_WARN_ABOUT_RETURN_TYPE</key>
				<string>YES_ERROR</string>
				<key>GCC_WARN_UNDECLARED_SELECTOR</key>
				<string>YES</string>
				<key>GCC_WARN_UNINITIALIZED_AUTOS</key>
				<string>YES_AGGRESSIVE</string>
				<key>GCC_WARN_UNUSED_FUNCTION</key>
				<string>YES</string>
				<key>GCC_WARN_UNUSED_VARIABLE</key>
				<string>YES</string>
				<key>IPHONEOS_DEPLOYMENT_TARGET</key>
				<string>7.1</string>
				<key>SDKROOT</key>
				<string>iphoneos</string>
				<key>VALIDATE_PRODUCT</key>
				<string>YES</string>
			</dict>
			<key>isa</key>
			<string>XCBuildConfiguration</string>
			<key>name</key>
			<string>Release</string>
		</dict>
		<key>90E542721963D97900465B64</key>
		<dict>
			<key>buildConfigurations</key>
			<array>
				<string>90E542731963D97900465B64</string>
				<string>90E542741963D97900465B64</string>
			</array>
			<key>defaultConfigurationIsVisible</key>
			<string>0</string>
			<key>defaultConfigurationName</key>
			<string>Release</string>
			<key>isa</key>
			<string>XCConfigurationList</string>
		</dict>
		<key>90E542731963D97900465B64</key>
		<dict>
			<key>baseConfigurationReference</key>
			<string>A153463A88C34294B32E94F4</string>
			<key>buildSettings</key>
			<dict>
				<key>ASSETCATALOG_COMPILER_APPICON_NAME</key>
				<string>AppIcon</string>
				<key>ASSETCATALOG_COMPILER_LAUNCHIMAGE_NAME</key>
				<string>LaunchImage</string>
				<key>GCC_PRECOMPILE_PREFIX_HEADER</key>
				<string>YES</string>
				<key>GCC_PREFIX_HEADER</key>
				<string>Resume-tutorial/Resume-tutorial-Prefix.pch</string>
				<key>INFOPLIST_FILE</key>
				<string>Resume-tutorial/Resume-tutorial-Info.plist</string>
				<key>PRODUCT_NAME</key>
				<string>$(TARGET_NAME)</string>
				<key>WRAPPER_EXTENSION</key>
				<string>app</string>
			</dict>
			<key>isa</key>
			<string>XCBuildConfiguration</string>
			<key>name</key>
			<string>Debug</string>
		</dict>
		<key>90E542741963D97900465B64</key>
		<dict>
			<key>baseConfigurationReference</key>
			<string>A153463A88C34294B32E94F4</string>
			<key>buildSettings</key>
			<dict>
				<key>ASSETCATALOG_COMPILER_APPICON_NAME</key>
				<string>AppIcon</string>
				<key>ASSETCATALOG_COMPILER_LAUNCHIMAGE_NAME</key>
				<string>LaunchImage</string>
				<key>GCC_PRECOMPILE_PREFIX_HEADER</key>
				<string>YES</string>
				<key>GCC_PREFIX_HEADER</key>
				<string>Resume-tutorial/Resume-tutorial-Prefix.pch</string>
				<key>INFOPLIST_FILE</key>
				<string>Resume-tutorial/Resume-tutorial-Info.plist</string>
				<key>PRODUCT_NAME</key>
				<string>$(TARGET_NAME)</string>
				<key>WRAPPER_EXTENSION</key>
				<string>app</string>
			</dict>
			<key>isa</key>
			<string>XCBuildConfiguration</string>
			<key>name</key>
			<string>Release</string>
		</dict>
		<key>90E542751963D97900465B64</key>
		<dict>
			<key>buildConfigurations</key>
			<array>
				<string>90E542761963D97900465B64</string>
				<string>90E542771963D97900465B64</string>
			</array>
			<key>defaultConfigurationIsVisible</key>
			<string>0</string>
			<key>defaultConfigurationName</key>
			<string>Release</string>
			<key>isa</key>
			<string>XCConfigurationList</string>
		</dict>
		<key>90E542761963D97900465B64</key>
		<dict>
			<key>buildSettings</key>
			<dict>
				<key>BUNDLE_LOADER</key>
				<string>$(BUILT_PRODUCTS_DIR)/Resume-tutorial.app/Resume-tutorial</string>
				<key>FRAMEWORK_SEARCH_PATHS</key>
				<array>
					<string>$(SDKROOT)/Developer/Library/Frameworks</string>
					<string>$(inherited)</string>
					<string>$(DEVELOPER_FRAMEWORKS_DIR)</string>
				</array>
				<key>GCC_PRECOMPILE_PREFIX_HEADER</key>
				<string>YES</string>
				<key>GCC_PREFIX_HEADER</key>
				<string>Resume-tutorial/Resume-tutorial-Prefix.pch</string>
				<key>GCC_PREPROCESSOR_DEFINITIONS</key>
				<array>
					<string>DEBUG=1</string>
					<string>$(inherited)</string>
				</array>
				<key>INFOPLIST_FILE</key>
				<string>Resume-tutorialTests/Resume-tutorialTests-Info.plist</string>
				<key>PRODUCT_NAME</key>
				<string>$(TARGET_NAME)</string>
				<key>TEST_HOST</key>
				<string>$(BUNDLE_LOADER)</string>
				<key>WRAPPER_EXTENSION</key>
				<string>xctest</string>
			</dict>
			<key>isa</key>
			<string>XCBuildConfiguration</string>
			<key>name</key>
			<string>Debug</string>
		</dict>
		<key>90E542771963D97900465B64</key>
		<dict>
			<key>buildSettings</key>
			<dict>
				<key>BUNDLE_LOADER</key>
				<string>$(BUILT_PRODUCTS_DIR)/Resume-tutorial.app/Resume-tutorial</string>
				<key>FRAMEWORK_SEARCH_PATHS</key>
				<array>
					<string>$(SDKROOT)/Developer/Library/Frameworks</string>
					<string>$(inherited)</string>
					<string>$(DEVELOPER_FRAMEWORKS_DIR)</string>
				</array>
				<key>GCC_PRECOMPILE_PREFIX_HEADER</key>
				<string>YES</string>
				<key>GCC_PREFIX_HEADER</key>
				<string>Resume-tutorial/Resume-tutorial-Prefix.pch</string>
				<key>INFOPLIST_FILE</key>
				<string>Resume-tutorialTests/Resume-tutorialTests-Info.plist</string>
				<key>PRODUCT_NAME</key>
				<string>$(TARGET_NAME)</string>
				<key>TEST_HOST</key>
				<string>$(BUNDLE_LOADER)</string>
				<key>WRAPPER_EXTENSION</key>
				<string>xctest</string>
			</dict>
			<key>isa</key>
			<string>XCBuildConfiguration</string>
			<key>name</key>
			<string>Release</string>
		</dict>
		<key>90E542781963E4A500465B64</key>
		<dict>
			<key>children</key>
			<array>
				<string>90E542581963D97900465B64</string>
				<string>90E542591963D97900465B64</string>
				<string>90454C4F196EF5ED0036AB57</string>
				<string>90454C50196EF5ED0036AB57</string>
				<string>90454C53196EFDE20036AB57</string>
				<string>90454C54196EFDE20036AB57</string>
				<string>90454C57196F08310036AB57</string>
				<string>90454C58196F08310036AB57</string>
			</array>
			<key>isa</key>
			<string>PBXGroup</string>
			<key>name</key>
			<string>View Controllers</string>
			<key>sourceTree</key>
			<string>&lt;group&gt;</string>
		</dict>
		<key>90E542791963E4AD00465B64</key>
		<dict>
			<key>children</key>
			<array>
				<string>908831CE196E3A3D00760B3F</string>
				<string>908831CF196E3A3D00760B3F</string>
			</array>
			<key>isa</key>
			<string>PBXGroup</string>
			<key>name</key>
			<string>Models</string>
			<key>sourceTree</key>
			<string>&lt;group&gt;</string>
		</dict>
		<key>90E5427A1963E4B400465B64</key>
		<dict>
			<key>children</key>
			<array/>
			<key>isa</key>
			<string>PBXGroup</string>
			<key>name</key>
			<string>Views</string>
			<key>sourceTree</key>
			<string>&lt;group&gt;</string>
		</dict>
		<key>90E5427B1963E64700465B64</key>
		<dict>
			<key>fileRef</key>
			<string>90E542591963D97900465B64</string>
			<key>isa</key>
			<string>PBXBuildFile</string>
		</dict>
		<key>A153463A88C34294B32E94F4</key>
		<dict>
			<key>includeInIndex</key>
			<string>1</string>
			<key>isa</key>
			<string>PBXFileReference</string>
			<key>lastKnownFileType</key>
			<string>text.xcconfig</string>
			<key>name</key>
			<string>Pods.xcconfig</string>
			<key>path</key>
			<string>Pods/Pods.xcconfig</string>
			<key>sourceTree</key>
			<string>&lt;group&gt;</string>
		</dict>
		<key>DEFF22D8AF6F4D7BA8195F9C</key>
		<dict>
			<key>buildActionMask</key>
			<string>2147483647</string>
			<key>files</key>
			<array/>
			<key>inputPaths</key>
			<array/>
			<key>isa</key>
			<string>PBXShellScriptBuildPhase</string>
			<key>name</key>
			<string>Check Pods Manifest.lock</string>
			<key>outputPaths</key>
			<array/>
			<key>runOnlyForDeploymentPostprocessing</key>
			<string>0</string>
			<key>shellPath</key>
			<string>/bin/sh</string>
			<key>shellScript</key>
			<string>diff "${PODS_ROOT}/../Podfile.lock" "${PODS_ROOT}/Manifest.lock" &gt; /dev/null
if [[ $? != 0 ]] ; then
    cat &lt;&lt; EOM
error: The sandbox is not in sync with the Podfile.lock. Run 'pod install' or update your CocoaPods installation.
EOM
    exit 1
fi
</string>
			<key>showEnvVarsInLog</key>
			<string>0</string>
		</dict>
		<key>F3B09FA6F736491BBF2A60E9</key>
		<dict>
			<key>fileRef</key>
			<string>41B0B8E531B34463AB94A14D</string>
			<key>isa</key>
			<string>PBXBuildFile</string>
		</dict>
	</dict>
	<key>rootObject</key>
	<string>90E542381963D97900465B64</string>
</dict>
</plist>
